
Microsoft Visual Studio Solution File, Format Version 12.00
# Visual Studio Version 17
VisualStudioVersion = 17.6.33815.320
MinimumVisualStudioVersion = 10.0.40219.1
Project("{FAE04EC0-301F-11D3-BF4B-00C04F79EFBC}") = "P01.ReverseStrings", "P01.ReverseStrings\P01.ReverseStrings.csproj", "{AA419D0D-1CDB-4A78-B1BD-81BE9599A217}"
EndProject
Project("{FAE04EC0-301F-11D3-BF4B-00C04F79EFBC}") = "P02.RepeatStrings", "P02.RepeatStrings\P02.RepeatStrings.csproj", "{3BC25A99-AC42-40F1-AC67-54EF5F394801}"
EndProject
Project("{FAE04EC0-301F-11D3-BF4B-00C04F79EFBC}") = "P03.Substring", "P03.Substring\P03.Substring.csproj", "{865706F4-9A64-42F6-B6FA-1515C5EF2B4A}"
EndProject
Project("{FAE04EC0-301F-11D3-BF4B-00C04F79EFBC}") = "P04.TextFilter", "P04.TextFilter\P04.TextFilter.csproj", "{E70DE4CB-98B0-4F9D-9A79-45C3E97DBA51}"
EndProject
Project("{FAE04EC0-301F-11D3-BF4B-00C04F79EFBC}") = "P05.DigitsLettersAndOther", "P05.DigitsLettersAndOther\P05.DigitsLettersAndOther.csproj", "{4E930DEF-751E-4D12-9D83-17FB1DF43BCC}"
EndProject
Global
	GlobalSection(SolutionConfigurationPlatforms) = preSolution
		Debug|Any CPU = Debug|Any CPU
		Release|Any CPU = Release|Any CPU
	EndGlobalSection
	GlobalSection(ProjectConfigurationPlatforms) = postSolution
		{AA419D0D-1CDB-4A78-B1BD-81BE9599A217}.Debug|Any CPU.ActiveCfg = Debug|Any CPU
		{AA419D0D-1CDB-4A78-B1BD-81BE9599A217}.Debug|Any CPU.Build.0 = Debug|Any CPU
		{AA419D0D-1CDB-4A78-B1BD-81BE9599A217}.Release|Any CPU.ActiveCfg = Release|Any CPU
		{AA419D0D-1CDB-4A78-B1BD-81BE9599A217}.Release|Any CPU.Build.0 = Release|Any CPU
		{3BC25A99-AC42-40F1-AC67-54EF5F394801}.Debug|Any CPU.ActiveCfg = Debug|Any CPU
		{3BC25A99-AC42-40F1-AC67-54EF5F394801}.Debug|Any CPU.Build.0 = Debug|Any CPU
		{3BC25A99-AC42-40F1-AC67-54EF5F394801}.Release|Any CPU.ActiveCfg = Release|Any CPU
		{3BC25A99-AC42-40F1-AC67-54EF5F394801}.Release|Any CPU.Build.0 = Release|Any CPU
		{865706F4-9A64-42F6-B6FA-1515C5EF2B4A}.Debug|Any CPU.ActiveCfg = Debug|Any CPU
		{865706F4-9A64-42F6-B6FA-1515C5EF2B4A}.Debug|Any CPU.Build.0 = Debug|Any CPU
		{865706F4-9A64-42F6-B6FA-1515C5EF2B4A}.Release|Any CPU.ActiveCfg = Release|Any CPU
		{865706F4-9A64-42F6-B6FA-1515C5EF2B4A}.Release|Any CPU.Build.0 = Release|Any CPU
		{E70DE4CB-98B0-4F9D-9A79-45C3E97DBA51}.Debug|Any CPU.ActiveCfg = Debug|Any CPU
		{E70DE4CB-98B0-4F9D-9A79-45C3E97DBA51}.Debug|Any CPU.Build.0 = Debug|Any CPU
		{E70DE4CB-98B0-4F9D-9A79-45C3E97DBA51}.Release|Any CPU.ActiveCfg = Release|Any CPU
		{E70DE4CB-98B0-4F9D-9A79-45C3E97DBA51}.Release|Any CPU.Build.0 = Release|Any CPU
		{4E930DEF-751E-4D12-9D83-17FB1DF43BCC}.Debug|Any CPU.ActiveCfg = Debug|Any CPU
		{4E930DEF-751E-4D12-9D83-17FB1DF43BCC}.Debug|Any CPU.Build.0 = Debug|Any CPU
		{4E930DEF-751E-4D12-9D83-17FB1DF43BCC}.Release|Any CPU.ActiveCfg = Release|Any CPU
		{4E930DEF-751E-4D12-9D83-17FB1DF43BCC}.Release|Any CPU.Build.0 = Release|Any CPU
	EndGlobalSection
	GlobalSection(SolutionProperties) = preSolution
		HideSolutionNode = FALSE
	EndGlobalSection
	GlobalSection(ExtensibilityGlobals) = postSolution
		SolutionGuid = {A1625C24-8984-40E8-AB28-3EC9906FD1A3}
	EndGlobalSection
EndGlobal
